
Microsoft Visual Studio Solution File, Format Version 12.00
# Visual Studio Version 17
VisualStudioVersion = 17.9.34701.34
MinimumVisualStudioVersion = 10.0.40219.1
Project("{FAE04EC0-301F-11D3-BF4B-00C04F79EFBC}") = "AIPRTest", "AIPRTest\AIPRTest.csproj", "{1C0EEAC7-EAF3-49FC-B346-1A7C1D107B99}"
EndProject
Project("{FAE04EC0-301F-11D3-BF4B-00C04F79EFBC}") = "AIPRTest_Tests", "AIPRTest_Tests\AIPRTest_Tests.csproj", "{ACCC2187-085A-4CC7-82A4-809FA9C8697E}"
EndProject
Global
	GlobalSection(SolutionConfigurationPlatforms) = preSolution
		Debug|Any CPU = Debug|Any CPU
		Release|Any CPU = Release|Any CPU
	EndGlobalSection
	GlobalSection(ProjectConfigurationPlatforms) = postSolution
		{1C0EEAC7-EAF3-49FC-B346-1A7C1D107B99}.Debug|Any CPU.ActiveCfg = Debug|Any CPU
		{1C0EEAC7-EAF3-49FC-B346-1A7C1D107B99}.Debug|Any CPU.Build.0 = Debug|Any CPU
		{1C0EEAC7-EAF3-49FC-B346-1A7C1D107B99}.Release|Any CPU.ActiveCfg = Release|Any CPU
		{1C0EEAC7-EAF3-49FC-B346-1A7C1D107B99}.Release|Any CPU.Build.0 = Release|Any CPU
		{ACCC2187-085A-4CC7-82A4-809FA9C8697E}.Debug|Any CPU.ActiveCfg = Debug|Any CPU
		{ACCC2187-085A-4CC7-82A4-809FA9C8697E}.Debug|Any CPU.Build.0 = Debug|Any CPU
		{ACCC2187-085A-4CC7-82A4-809FA9C8697E}.Release|Any CPU.ActiveCfg = Release|Any CPU
		{ACCC2187-085A-4CC7-82A4-809FA9C8697E}.Release|Any CPU.Build.0 = Release|Any CPU
	EndGlobalSection
	GlobalSection(SolutionProperties) = preSolution
		HideSolutionNode = FALSE
	EndGlobalSection
	GlobalSection(ExtensibilityGlobals) = postSolution
		SolutionGuid = {5702582E-4FA7-4A99-ACEB-2532A2FE648B}
	EndGlobalSection
EndGlobal
